// !$*UTF8*$!
{
	archiveVersion = 1;
	classes = {
	};
	objectVersion = 46;
	objects = {

/* Begin PBXBuildFile section */
		07085C5F1D91F31400CBCC2F /* Api.swift in Sources */ = {isa = PBXBuildFile; fileRef = 07085C5E1D91F31400CBCC2F /* Api.swift */; };
		07085C611D91F32200CBCC2F /* Photo.swift in Sources */ = {isa = PBXBuildFile; fileRef = 07085C601D91F32200CBCC2F /* Photo.swift */; };
		07085C641D922B6C00CBCC2F /* PhotoFeedCollectionViewCell.swift in Sources */ = {isa = PBXBuildFile; fileRef = 07085C621D922B6C00CBCC2F /* PhotoFeedCollectionViewCell.swift */; };
		07085C651D922B6D00CBCC2F /* PhotoFeedCollectionViewCell.xib in Resources */ = {isa = PBXBuildFile; fileRef = 07085C631D922B6C00CBCC2F /* PhotoFeedCollectionViewCell.xib */; };
		0753F8651D91A54800876312 /* AppDelegate.swift in Sources */ = {isa = PBXBuildFile; fileRef = 0753F8641D91A54800876312 /* AppDelegate.swift */; };
		0753F8671D91A54800876312 /* PhotoFeedViewController.swift in Sources */ = {isa = PBXBuildFile; fileRef = 0753F8661D91A54800876312 /* PhotoFeedViewController.swift */; };
		0753F86A1D91A54800876312 /* Main.storyboard in Resources */ = {isa = PBXBuildFile; fileRef = 0753F8681D91A54800876312 /* Main.storyboard */; };
		0753F86C1D91A54800876312 /* Assets.xcassets in Resources */ = {isa = PBXBuildFile; fileRef = 0753F86B1D91A54800876312 /* Assets.xcassets */; };
		0753F86F1D91A54800876312 /* LaunchScreen.storyboard in Resources */ = {isa = PBXBuildFile; fileRef = 0753F86D1D91A54800876312 /* LaunchScreen.storyboard */; };
		0753F8811D91AB6E00876312 /* RootRouter.swift in Sources */ = {isa = PBXBuildFile; fileRef = 0753F8801D91AB6E00876312 /* RootRouter.swift */; };
		0753F8831D91AF6100876312 /* PhotoFeedPresenter.swift in Sources */ = {isa = PBXBuildFile; fileRef = 0753F8821D91AF6100876312 /* PhotoFeedPresenter.swift */; };
		0753F8851D91AF9200876312 /* PhotoFeedInteractor.swift in Sources */ = {isa = PBXBuildFile; fileRef = 0753F8841D91AF9200876312 /* PhotoFeedInteractor.swift */; };
		0753F8871D91B00500876312 /* PhotoFeedViewInterface.swift in Sources */ = {isa = PBXBuildFile; fileRef = 0753F8861D91B00500876312 /* PhotoFeedViewInterface.swift */; };
		0785BEBD1D92DB7000BD6009 /* FullscreenPhotoFeedPresenter.swift in Sources */ = {isa = PBXBuildFile; fileRef = 0785BEBC1D92DB7000BD6009 /* FullscreenPhotoFeedPresenter.swift */; };
		0785BEBF1D92DB8D00BD6009 /* FullscreenPhotoFeedViewInterface.swift in Sources */ = {isa = PBXBuildFile; fileRef = 0785BEBE1D92DB8D00BD6009 /* FullscreenPhotoFeedViewInterface.swift */; };
		0785BEC11D92DB9900BD6009 /* FullscreenPhotoFeedViewEventHandler.swift in Sources */ = {isa = PBXBuildFile; fileRef = 0785BEC01D92DB9900BD6009 /* FullscreenPhotoFeedViewEventHandler.swift */; };
		0785BEC51D92DBC100BD6009 /* FullscreenPhotoFeedViewController.swift in Sources */ = {isa = PBXBuildFile; fileRef = 0785BEC41D92DBC100BD6009 /* FullscreenPhotoFeedViewController.swift */; };
		0785BEC91D92F3FC00BD6009 /* PhotoFeedRouter.swift in Sources */ = {isa = PBXBuildFile; fileRef = 0785BEC81D92F3FC00BD6009 /* PhotoFeedRouter.swift */; };
		079E79FE1D9478D2001E115D /* PhotoFeedPresenterTests.swift in Sources */ = {isa = PBXBuildFile; fileRef = 079E79FD1D9478D2001E115D /* PhotoFeedPresenterTests.swift */; };
		079E7A051D947992001E115D /* PhotoFeedPresenter.swift in Sources */ = {isa = PBXBuildFile; fileRef = 0753F8821D91AF6100876312 /* PhotoFeedPresenter.swift */; };
		079E7A061D9479BF001E115D /* PhotoFeedRouter.swift in Sources */ = {isa = PBXBuildFile; fileRef = 0785BEC81D92F3FC00BD6009 /* PhotoFeedRouter.swift */; };
		079E7A071D9479D2001E115D /* RootRouter.swift in Sources */ = {isa = PBXBuildFile; fileRef = 0753F8801D91AB6E00876312 /* RootRouter.swift */; };
		079E7A081D9479D2001E115D /* Api.swift in Sources */ = {isa = PBXBuildFile; fileRef = 07085C5E1D91F31400CBCC2F /* Api.swift */; };
		079E7A091D9479D2001E115D /* Photo.swift in Sources */ = {isa = PBXBuildFile; fileRef = 07085C601D91F32200CBCC2F /* Photo.swift */; };
		079E7A0A1D9479D2001E115D /* PhotoAsset.swift in Sources */ = {isa = PBXBuildFile; fileRef = 07DC4B191D94102A002C9B29 /* PhotoAsset.swift */; };
		079E7A0B1D9479D2001E115D /* PhotoFeedInteractor.swift in Sources */ = {isa = PBXBuildFile; fileRef = 0753F8841D91AF9200876312 /* PhotoFeedInteractor.swift */; };
		079E7A0C1D9479D2001E115D /* FullscreenPhotoFeedPresenter.swift in Sources */ = {isa = PBXBuildFile; fileRef = 0785BEBC1D92DB7000BD6009 /* FullscreenPhotoFeedPresenter.swift */; };
		079E7A0D1D9479D2001E115D /* PhotoFeedViewInterface.swift in Sources */ = {isa = PBXBuildFile; fileRef = 0753F8861D91B00500876312 /* PhotoFeedViewInterface.swift */; };
		079E7A0E1D9479D2001E115D /* PhotoFeedViewEventHandler.swift in Sources */ = {isa = PBXBuildFile; fileRef = 07B3B0B01D932E9A00B797A8 /* PhotoFeedViewEventHandler.swift */; };
		079E7A0F1D9479D2001E115D /* FullscreenPhotoFeedViewInterface.swift in Sources */ = {isa = PBXBuildFile; fileRef = 0785BEBE1D92DB8D00BD6009 /* FullscreenPhotoFeedViewInterface.swift */; };
		079E7A101D9479D2001E115D /* FullscreenPhotoFeedViewEventHandler.swift in Sources */ = {isa = PBXBuildFile; fileRef = 0785BEC01D92DB9900BD6009 /* FullscreenPhotoFeedViewEventHandler.swift */; };
		079E7A111D94809F001E115D /* AppDelegate.swift in Sources */ = {isa = PBXBuildFile; fileRef = 0753F8641D91A54800876312 /* AppDelegate.swift */; };
		079E7A121D94809F001E115D /* AppDependencies.swift in Sources */ = {isa = PBXBuildFile; fileRef = 07B3B0AE1D93216500B797A8 /* AppDependencies.swift */; };
		079E7A131D9480AF001E115D /* TransitioningDelegate.swift in Sources */ = {isa = PBXBuildFile; fileRef = 07B3B0B31D93525B00B797A8 /* TransitioningDelegate.swift */; };
		079E7A141D9480AF001E115D /* PresentationAnimator.swift in Sources */ = {isa = PBXBuildFile; fileRef = 07B3B0B51D9352AA00B797A8 /* PresentationAnimator.swift */; };
		079E7A151D9480AF001E115D /* DismissalAnimator.swift in Sources */ = {isa = PBXBuildFile; fileRef = 07B3B0B71D9352D400B797A8 /* DismissalAnimator.swift */; };
		079E7A161D9480AF001E115D /* PhotoFeedCollectionViewCell.swift in Sources */ = {isa = PBXBuildFile; fileRef = 07085C621D922B6C00CBCC2F /* PhotoFeedCollectionViewCell.swift */; };
		079E7A171D9480AF001E115D /* PhotoFeedViewController.swift in Sources */ = {isa = PBXBuildFile; fileRef = 0753F8661D91A54800876312 /* PhotoFeedViewController.swift */; };
		079E7A181D9480AF001E115D /* FullscreenPhotoFeedCollectionViewCell.swift in Sources */ = {isa = PBXBuildFile; fileRef = 07B3B0A81D93055700B797A8 /* FullscreenPhotoFeedCollectionViewCell.swift */; };
		079E7A191D9480AF001E115D /* FullscreenPhotoFeedViewController.swift in Sources */ = {isa = PBXBuildFile; fileRef = 0785BEC41D92DBC100BD6009 /* FullscreenPhotoFeedViewController.swift */; };
		079E7A1B1D94ABAD001E115D /* PhotoTests.swift in Sources */ = {isa = PBXBuildFile; fileRef = 079E7A1A1D94ABAD001E115D /* PhotoTests.swift */; };
		079E7A1D1D94AC45001E115D /* PhotoAssetTests.swift in Sources */ = {isa = PBXBuildFile; fileRef = 079E7A1C1D94AC45001E115D /* PhotoAssetTests.swift */; };
		079E7A1F1D94B4BC001E115D /* PhotoFeedInteractorTests.swift in Sources */ = {isa = PBXBuildFile; fileRef = 079E7A1E1D94B4BC001E115D /* PhotoFeedInteractorTests.swift */; };
		07B3B0AA1D93055700B797A8 /* FullscreenPhotoFeedCollectionViewCell.swift in Sources */ = {isa = PBXBuildFile; fileRef = 07B3B0A81D93055700B797A8 /* FullscreenPhotoFeedCollectionViewCell.swift */; };
		07B3B0AB1D93055700B797A8 /* FullscreenPhotoFeedCollectionViewCell.xib in Resources */ = {isa = PBXBuildFile; fileRef = 07B3B0A91D93055700B797A8 /* FullscreenPhotoFeedCollectionViewCell.xib */; };
		07B3B0AF1D93216500B797A8 /* AppDependencies.swift in Sources */ = {isa = PBXBuildFile; fileRef = 07B3B0AE1D93216500B797A8 /* AppDependencies.swift */; };
		07B3B0B11D932E9A00B797A8 /* PhotoFeedViewEventHandler.swift in Sources */ = {isa = PBXBuildFile; fileRef = 07B3B0B01D932E9A00B797A8 /* PhotoFeedViewEventHandler.swift */; };
		07B3B0B41D93525B00B797A8 /* TransitioningDelegate.swift in Sources */ = {isa = PBXBuildFile; fileRef = 07B3B0B31D93525B00B797A8 /* TransitioningDelegate.swift */; };
		07B3B0B61D9352AA00B797A8 /* PresentationAnimator.swift in Sources */ = {isa = PBXBuildFile; fileRef = 07B3B0B51D9352AA00B797A8 /* PresentationAnimator.swift */; };
		07B3B0B81D9352D400B797A8 /* DismissalAnimator.swift in Sources */ = {isa = PBXBuildFile; fileRef = 07B3B0B71D9352D400B797A8 /* DismissalAnimator.swift */; };
		07DC4B1A1D94102A002C9B29 /* PhotoAsset.swift in Sources */ = {isa = PBXBuildFile; fileRef = 07DC4B191D94102A002C9B29 /* PhotoAsset.swift */; };
		24E2F6A565C433A520C45324 /* Pods_PhotoViewer.framework in Frameworks */ = {isa = PBXBuildFile; fileRef = 3043817AF4F6B35AF1112639 /* Pods_PhotoViewer.framework */; };
		4B019BAD0DE302538BF777BB /* Pods_PhotoViewerTests.framework in Frameworks */ = {isa = PBXBuildFile; fileRef = CE566FE65428A5FBEE5AAD79 /* Pods_PhotoViewerTests.framework */; };
/* End PBXBuildFile section */

/* Begin PBXContainerItemProxy section */
		079E7A001D9478D2001E115D /* PBXContainerItemProxy */ = {
			isa = PBXContainerItemProxy;
			containerPortal = 0753F8591D91A54700876312 /* Project object */;
			proxyType = 1;
			remoteGlobalIDString = 0753F8601D91A54700876312;
			remoteInfo = PhotoViewer;
		};
/* End PBXContainerItemProxy section */

/* Begin PBXFileReference section */
		07085C5E1D91F31400CBCC2F /* Api.swift */ = {isa = PBXFileReference; fileEncoding = 4; lastKnownFileType = sourcecode.swift; path = Api.swift; sourceTree = "<group>"; };
		07085C601D91F32200CBCC2F /* Photo.swift */ = {isa = PBXFileReference; fileEncoding = 4; lastKnownFileType = sourcecode.swift; path = Photo.swift; sourceTree = "<group>"; };
		07085C621D922B6C00CBCC2F /* PhotoFeedCollectionViewCell.swift */ = {isa = PBXFileReference; fileEncoding = 4; lastKnownFileType = sourcecode.swift; path = PhotoFeedCollectionViewCell.swift; sourceTree = "<group>"; };
		07085C631D922B6C00CBCC2F /* PhotoFeedCollectionViewCell.xib */ = {isa = PBXFileReference; fileEncoding = 4; lastKnownFileType = file.xib; path = PhotoFeedCollectionViewCell.xib; sourceTree = "<group>"; };
		0753F8611D91A54800876312 /* PhotoViewer.app */ = {isa = PBXFileReference; explicitFileType = wrapper.application; includeInIndex = 0; path = PhotoViewer.app; sourceTree = BUILT_PRODUCTS_DIR; };
		0753F8641D91A54800876312 /* AppDelegate.swift */ = {isa = PBXFileReference; lastKnownFileType = sourcecode.swift; path = AppDelegate.swift; sourceTree = "<group>"; };
		0753F8661D91A54800876312 /* PhotoFeedViewController.swift */ = {isa = PBXFileReference; lastKnownFileType = sourcecode.swift; path = PhotoFeedViewController.swift; sourceTree = "<group>"; };
		0753F8691D91A54800876312 /* Base */ = {isa = PBXFileReference; lastKnownFileType = file.storyboard; name = Base; path = Base.lproj/Main.storyboard; sourceTree = "<group>"; };
		0753F86B1D91A54800876312 /* Assets.xcassets */ = {isa = PBXFileReference; lastKnownFileType = folder.assetcatalog; path = Assets.xcassets; sourceTree = "<group>"; };
		0753F86E1D91A54800876312 /* Base */ = {isa = PBXFileReference; lastKnownFileType = file.storyboard; name = Base; path = Base.lproj/LaunchScreen.storyboard; sourceTree = "<group>"; };
		0753F8701D91A54800876312 /* Info.plist */ = {isa = PBXFileReference; lastKnownFileType = text.plist.xml; path = Info.plist; sourceTree = "<group>"; };
		0753F8801D91AB6E00876312 /* RootRouter.swift */ = {isa = PBXFileReference; fileEncoding = 4; lastKnownFileType = sourcecode.swift; path = RootRouter.swift; sourceTree = "<group>"; };
		0753F8821D91AF6100876312 /* PhotoFeedPresenter.swift */ = {isa = PBXFileReference; fileEncoding = 4; lastKnownFileType = sourcecode.swift; path = PhotoFeedPresenter.swift; sourceTree = "<group>"; };
		0753F8841D91AF9200876312 /* PhotoFeedInteractor.swift */ = {isa = PBXFileReference; fileEncoding = 4; lastKnownFileType = sourcecode.swift; path = PhotoFeedInteractor.swift; sourceTree = "<group>"; };
		0753F8861D91B00500876312 /* PhotoFeedViewInterface.swift */ = {isa = PBXFileReference; fileEncoding = 4; lastKnownFileType = sourcecode.swift; path = PhotoFeedViewInterface.swift; sourceTree = "<group>"; };
		0785BEBC1D92DB7000BD6009 /* FullscreenPhotoFeedPresenter.swift */ = {isa = PBXFileReference; fileEncoding = 4; lastKnownFileType = sourcecode.swift; path = FullscreenPhotoFeedPresenter.swift; sourceTree = "<group>"; };
		0785BEBE1D92DB8D00BD6009 /* FullscreenPhotoFeedViewInterface.swift */ = {isa = PBXFileReference; fileEncoding = 4; lastKnownFileType = sourcecode.swift; path = FullscreenPhotoFeedViewInterface.swift; sourceTree = "<group>"; };
		0785BEC01D92DB9900BD6009 /* FullscreenPhotoFeedViewEventHandler.swift */ = {isa = PBXFileReference; fileEncoding = 4; lastKnownFileType = sourcecode.swift; path = FullscreenPhotoFeedViewEventHandler.swift; sourceTree = "<group>"; };
		0785BEC41D92DBC100BD6009 /* FullscreenPhotoFeedViewController.swift */ = {isa = PBXFileReference; fileEncoding = 4; lastKnownFileType = sourcecode.swift; path = FullscreenPhotoFeedViewController.swift; sourceTree = "<group>"; };
		0785BEC81D92F3FC00BD6009 /* PhotoFeedRouter.swift */ = {isa = PBXFileReference; fileEncoding = 4; lastKnownFileType = sourcecode.swift; path = PhotoFeedRouter.swift; sourceTree = "<group>"; };
		079E79FB1D9478D2001E115D /* PhotoViewerTests.xctest */ = {isa = PBXFileReference; explicitFileType = wrapper.cfbundle; includeInIndex = 0; path = PhotoViewerTests.xctest; sourceTree = BUILT_PRODUCTS_DIR; };
		079E79FD1D9478D2001E115D /* PhotoFeedPresenterTests.swift */ = {isa = PBXFileReference; lastKnownFileType = sourcecode.swift; path = PhotoFeedPresenterTests.swift; sourceTree = "<group>"; };
		079E79FF1D9478D2001E115D /* Info.plist */ = {isa = PBXFileReference; lastKnownFileType = text.plist.xml; path = Info.plist; sourceTree = "<group>"; };
		079E7A1A1D94ABAD001E115D /* PhotoTests.swift */ = {isa = PBXFileReference; fileEncoding = 4; lastKnownFileType = sourcecode.swift; path = PhotoTests.swift; sourceTree = "<group>"; };
		079E7A1C1D94AC45001E115D /* PhotoAssetTests.swift */ = {isa = PBXFileReference; fileEncoding = 4; lastKnownFileType = sourcecode.swift; path = PhotoAssetTests.swift; sourceTree = "<group>"; };
		079E7A1E1D94B4BC001E115D /* PhotoFeedInteractorTests.swift */ = {isa = PBXFileReference; fileEncoding = 4; lastKnownFileType = sourcecode.swift; path = PhotoFeedInteractorTests.swift; sourceTree = "<group>"; };
		07B3B0A81D93055700B797A8 /* FullscreenPhotoFeedCollectionViewCell.swift */ = {isa = PBXFileReference; fileEncoding = 4; lastKnownFileType = sourcecode.swift; path = FullscreenPhotoFeedCollectionViewCell.swift; sourceTree = "<group>"; };
		07B3B0A91D93055700B797A8 /* FullscreenPhotoFeedCollectionViewCell.xib */ = {isa = PBXFileReference; fileEncoding = 4; lastKnownFileType = file.xib; path = FullscreenPhotoFeedCollectionViewCell.xib; sourceTree = "<group>"; };
		07B3B0AE1D93216500B797A8 /* AppDependencies.swift */ = {isa = PBXFileReference; fileEncoding = 4; lastKnownFileType = sourcecode.swift; path = AppDependencies.swift; sourceTree = "<group>"; };
		07B3B0B01D932E9A00B797A8 /* PhotoFeedViewEventHandler.swift */ = {isa = PBXFileReference; fileEncoding = 4; lastKnownFileType = sourcecode.swift; path = PhotoFeedViewEventHandler.swift; sourceTree = "<group>"; };
		07B3B0B31D93525B00B797A8 /* TransitioningDelegate.swift */ = {isa = PBXFileReference; fileEncoding = 4; lastKnownFileType = sourcecode.swift; path = TransitioningDelegate.swift; sourceTree = "<group>"; };
		07B3B0B51D9352AA00B797A8 /* PresentationAnimator.swift */ = {isa = PBXFileReference; fileEncoding = 4; lastKnownFileType = sourcecode.swift; path = PresentationAnimator.swift; sourceTree = "<group>"; };
		07B3B0B71D9352D400B797A8 /* DismissalAnimator.swift */ = {isa = PBXFileReference; fileEncoding = 4; lastKnownFileType = sourcecode.swift; path = DismissalAnimator.swift; sourceTree = "<group>"; };
		07DC4B191D94102A002C9B29 /* PhotoAsset.swift */ = {isa = PBXFileReference; fileEncoding = 4; lastKnownFileType = sourcecode.swift; path = PhotoAsset.swift; sourceTree = "<group>"; };
		3043817AF4F6B35AF1112639 /* Pods_PhotoViewer.framework */ = {isa = PBXFileReference; explicitFileType = wrapper.framework; includeInIndex = 0; path = Pods_PhotoViewer.framework; sourceTree = BUILT_PRODUCTS_DIR; };
		4BA8FC36F4DC2AFC81BA3082 /* Pods-PhotoViewerTests.debug.xcconfig */ = {isa = PBXFileReference; includeInIndex = 1; lastKnownFileType = text.xcconfig; name = "Pods-PhotoViewerTests.debug.xcconfig"; path = "Pods/Target Support Files/Pods-PhotoViewerTests/Pods-PhotoViewerTests.debug.xcconfig"; sourceTree = "<group>"; };
		544D3FC2546DB279ACC9A57C /* Pods-PhotoViewerTests.release.xcconfig */ = {isa = PBXFileReference; includeInIndex = 1; lastKnownFileType = text.xcconfig; name = "Pods-PhotoViewerTests.release.xcconfig"; path = "Pods/Target Support Files/Pods-PhotoViewerTests/Pods-PhotoViewerTests.release.xcconfig"; sourceTree = "<group>"; };
		ADE16900B7F5E6492E4AEF7C /* Pods-PhotoViewer.release.xcconfig */ = {isa = PBXFileReference; includeInIndex = 1; lastKnownFileType = text.xcconfig; name = "Pods-PhotoViewer.release.xcconfig"; path = "Pods/Target Support Files/Pods-PhotoViewer/Pods-PhotoViewer.release.xcconfig"; sourceTree = "<group>"; };
		AE05ED244B797A2D3D19E937 /* Pods-PhotoViewer.debug.xcconfig */ = {isa = PBXFileReference; includeInIndex = 1; lastKnownFileType = text.xcconfig; name = "Pods-PhotoViewer.debug.xcconfig"; path = "Pods/Target Support Files/Pods-PhotoViewer/Pods-PhotoViewer.debug.xcconfig"; sourceTree = "<group>"; };
		CE566FE65428A5FBEE5AAD79 /* Pods_PhotoViewerTests.framework */ = {isa = PBXFileReference; explicitFileType = wrapper.framework; includeInIndex = 0; path = Pods_PhotoViewerTests.framework; sourceTree = BUILT_PRODUCTS_DIR; };
/* End PBXFileReference section */

/* Begin PBXFrameworksBuildPhase section */
		0753F85E1D91A54700876312 /* Frameworks */ = {
			isa = PBXFrameworksBuildPhase;
			buildActionMask = 2147483647;
			files = (
				24E2F6A565C433A520C45324 /* Pods_PhotoViewer.framework in Frameworks */,
			);
			runOnlyForDeploymentPostprocessing = 0;
		};
		079E79F81D9478D2001E115D /* Frameworks */ = {
			isa = PBXFrameworksBuildPhase;
			buildActionMask = 2147483647;
			files = (
				4B019BAD0DE302538BF777BB /* Pods_PhotoViewerTests.framework in Frameworks */,
			);
			runOnlyForDeploymentPostprocessing = 0;
		};
/* End PBXFrameworksBuildPhase section */

/* Begin PBXGroup section */
		07085C5B1D91F2F300CBCC2F /* Common */ = {
			isa = PBXGroup;
			children = (
				0753F8801D91AB6E00876312 /* RootRouter.swift */,
				07085C5C1D91F2FE00CBCC2F /* Api */,
				07085C5D1D91F30600CBCC2F /* Model */,
			);
			name = Common;
			sourceTree = "<group>";
		};
		07085C5C1D91F2FE00CBCC2F /* Api */ = {
			isa = PBXGroup;
			children = (
				07085C5E1D91F31400CBCC2F /* Api.swift */,
			);
			name = Api;
			sourceTree = "<group>";
		};
		07085C5D1D91F30600CBCC2F /* Model */ = {
			isa = PBXGroup;
			children = (
				07085C601D91F32200CBCC2F /* Photo.swift */,
				07DC4B191D94102A002C9B29 /* PhotoAsset.swift */,
			);
			name = Model;
			sourceTree = "<group>";
		};
		07085C661D922B7800CBCC2F /* PhotoFeedCell */ = {
			isa = PBXGroup;
			children = (
				07085C621D922B6C00CBCC2F /* PhotoFeedCollectionViewCell.swift */,
				07085C631D922B6C00CBCC2F /* PhotoFeedCollectionViewCell.xib */,
			);
			name = PhotoFeedCell;
			sourceTree = "<group>";
		};
		0753F8581D91A54700876312 = {
			isa = PBXGroup;
			children = (
				0753F8631D91A54800876312 /* PhotoViewer */,
				079E79FC1D9478D2001E115D /* PhotoViewerTests */,
				0753F8621D91A54800876312 /* Products */,
				A962E0D6105010E1EB2F58A3 /* Pods */,
				8CCD3414AD529A9C1B7BB8D0 /* Frameworks */,
			);
			sourceTree = "<group>";
		};
		0753F8621D91A54800876312 /* Products */ = {
			isa = PBXGroup;
			children = (
				0753F8611D91A54800876312 /* PhotoViewer.app */,
				079E79FB1D9478D2001E115D /* PhotoViewerTests.xctest */,
			);
			name = Products;
			sourceTree = "<group>";
		};
		0753F8631D91A54800876312 /* PhotoViewer */ = {
			isa = PBXGroup;
			children = (
				07B3B0AD1D93211E00B797A8 /* App */,
				07085C5B1D91F2F300CBCC2F /* Common */,
				0753F8791D91A91D00876312 /* Modules */,
				0753F8681D91A54800876312 /* Main.storyboard */,
				0753F86B1D91A54800876312 /* Assets.xcassets */,
				0753F86D1D91A54800876312 /* LaunchScreen.storyboard */,
				0753F8701D91A54800876312 /* Info.plist */,
			);
			path = PhotoViewer;
			sourceTree = "<group>";
		};
		0753F8761D91A90900876312 /* App Logic */ = {
			isa = PBXGroup;
			children = (
				0753F8841D91AF9200876312 /* PhotoFeedInteractor.swift */,
			);
			name = "App Logic";
			sourceTree = "<group>";
		};
		0753F8771D91A90E00876312 /* UI */ = {
			isa = PBXGroup;
			children = (
				0753F87D1D91AA8200876312 /* Presentation */,
				0753F87C1D91AA7D00876312 /* View */,
			);
			name = UI;
			sourceTree = "<group>";
		};
		0753F8791D91A91D00876312 /* Modules */ = {
			isa = PBXGroup;
			children = (
				0753F87A1D91A92300876312 /* Photo Feed */,
			);
			name = Modules;
			sourceTree = "<group>";
		};
		0753F87A1D91A92300876312 /* Photo Feed */ = {
			isa = PBXGroup;
			children = (
				0785BEC81D92F3FC00BD6009 /* PhotoFeedRouter.swift */,
				0753F8761D91A90900876312 /* App Logic */,
				0753F8771D91A90E00876312 /* UI */,
			);
			name = "Photo Feed";
			sourceTree = "<group>";
		};
		0753F87C1D91AA7D00876312 /* View */ = {
			isa = PBXGroup;
			children = (
				07B3B0B21D93522D00B797A8 /* Animations */,
				07085C661D922B7800CBCC2F /* PhotoFeedCell */,
				0753F8661D91A54800876312 /* PhotoFeedViewController.swift */,
				0753F8861D91B00500876312 /* PhotoFeedViewInterface.swift */,
				07B3B0B01D932E9A00B797A8 /* PhotoFeedViewEventHandler.swift */,
				07B3B0AC1D93055D00B797A8 /* FullscreenPhotoFeedCell */,
				0785BEC41D92DBC100BD6009 /* FullscreenPhotoFeedViewController.swift */,
				0785BEBE1D92DB8D00BD6009 /* FullscreenPhotoFeedViewInterface.swift */,
				0785BEC01D92DB9900BD6009 /* FullscreenPhotoFeedViewEventHandler.swift */,
			);
			name = View;
			sourceTree = "<group>";
		};
		0753F87D1D91AA8200876312 /* Presentation */ = {
			isa = PBXGroup;
			children = (
				0753F8821D91AF6100876312 /* PhotoFeedPresenter.swift */,
				0785BEBC1D92DB7000BD6009 /* FullscreenPhotoFeedPresenter.swift */,
			);
			name = Presentation;
			sourceTree = "<group>";
		};
		079E79FC1D9478D2001E115D /* PhotoViewerTests */ = {
			isa = PBXGroup;
			children = (
				079E7A1A1D94ABAD001E115D /* PhotoTests.swift */,
				079E7A1C1D94AC45001E115D /* PhotoAssetTests.swift */,
				079E79FD1D9478D2001E115D /* PhotoFeedPresenterTests.swift */,
				079E7A1E1D94B4BC001E115D /* PhotoFeedInteractorTests.swift */,
				079E79FF1D9478D2001E115D /* Info.plist */,
			);
			path = PhotoViewerTests;
			sourceTree = "<group>";
		};
		07B3B0AC1D93055D00B797A8 /* FullscreenPhotoFeedCell */ = {
			isa = PBXGroup;
			children = (
				07B3B0A81D93055700B797A8 /* FullscreenPhotoFeedCollectionViewCell.swift */,
				07B3B0A91D93055700B797A8 /* FullscreenPhotoFeedCollectionViewCell.xib */,
			);
			name = FullscreenPhotoFeedCell;
			sourceTree = "<group>";
		};
		07B3B0AD1D93211E00B797A8 /* App */ = {
			isa = PBXGroup;
			children = (
				0753F8641D91A54800876312 /* AppDelegate.swift */,
				07B3B0AE1D93216500B797A8 /* AppDependencies.swift */,
			);
			name = App;
			sourceTree = "<group>";
		};
		07B3B0B21D93522D00B797A8 /* Animations */ = {
			isa = PBXGroup;
			children = (
				07B3B0B31D93525B00B797A8 /* TransitioningDelegate.swift */,
				07B3B0B51D9352AA00B797A8 /* PresentationAnimator.swift */,
				07B3B0B71D9352D400B797A8 /* DismissalAnimator.swift */,
			);
			name = Animations;
			sourceTree = "<group>";
		};
		8CCD3414AD529A9C1B7BB8D0 /* Frameworks */ = {
			isa = PBXGroup;
			children = (
				3043817AF4F6B35AF1112639 /* Pods_PhotoViewer.framework */,
				CE566FE65428A5FBEE5AAD79 /* Pods_PhotoViewerTests.framework */,
			);
			name = Frameworks;
			sourceTree = "<group>";
		};
		A962E0D6105010E1EB2F58A3 /* Pods */ = {
			isa = PBXGroup;
			children = (
				AE05ED244B797A2D3D19E937 /* Pods-PhotoViewer.debug.xcconfig */,
				ADE16900B7F5E6492E4AEF7C /* Pods-PhotoViewer.release.xcconfig */,
				4BA8FC36F4DC2AFC81BA3082 /* Pods-PhotoViewerTests.debug.xcconfig */,
				544D3FC2546DB279ACC9A57C /* Pods-PhotoViewerTests.release.xcconfig */,
			);
			name = Pods;
			sourceTree = "<group>";
		};
/* End PBXGroup section */

/* Begin PBXNativeTarget section */
		0753F8601D91A54700876312 /* PhotoViewer */ = {
			isa = PBXNativeTarget;
			buildConfigurationList = 0753F8731D91A54800876312 /* Build configuration list for PBXNativeTarget "PhotoViewer" */;
			buildPhases = (
				C75961CDC0D175B6064ED5BB /* [CP] Check Pods Manifest.lock */,
				0753F85D1D91A54700876312 /* Sources */,
				0753F85E1D91A54700876312 /* Frameworks */,
				0753F85F1D91A54700876312 /* Resources */,
				BA62811DA803A0AA64ECCDE2 /* [CP] Embed Pods Frameworks */,
				655A98CB121E3BAB8204B8F0 /* [CP] Copy Pods Resources */,
			);
			buildRules = (
			);
			dependencies = (
			);
			name = PhotoViewer;
			productName = PhotoViewer;
			productReference = 0753F8611D91A54800876312 /* PhotoViewer.app */;
			productType = "com.apple.product-type.application";
		};
		079E79FA1D9478D2001E115D /* PhotoViewerTests */ = {
			isa = PBXNativeTarget;
			buildConfigurationList = 079E7A041D9478D2001E115D /* Build configuration list for PBXNativeTarget "PhotoViewerTests" */;
			buildPhases = (
				3FB29CE2B244724D2D11584C /* [CP] Check Pods Manifest.lock */,
				079E79F71D9478D2001E115D /* Sources */,
				079E79F81D9478D2001E115D /* Frameworks */,
				079E79F91D9478D2001E115D /* Resources */,
				447D596F29093FDEFA1BBFE1 /* [CP] Embed Pods Frameworks */,
				041BFB4875CFC99D805AC72A /* [CP] Copy Pods Resources */,
			);
			buildRules = (
			);
			dependencies = (
				079E7A011D9478D2001E115D /* PBXTargetDependency */,
			);
			name = PhotoViewerTests;
			productName = PhotoViewerTests;
			productReference = 079E79FB1D9478D2001E115D /* PhotoViewerTests.xctest */;
			productType = "com.apple.product-type.bundle.unit-test";
		};
/* End PBXNativeTarget section */

/* Begin PBXProject section */
		0753F8591D91A54700876312 /* Project object */ = {
			isa = PBXProject;
			attributes = {
				LastSwiftUpdateCheck = 0800;
				LastUpgradeCheck = 0800;
				ORGANIZATIONNAME = gjsalot;
				TargetAttributes = {
					0753F8601D91A54700876312 = {
						CreatedOnToolsVersion = 8.0;
						ProvisioningStyle = Automatic;
					};
					079E79FA1D9478D2001E115D = {
						CreatedOnToolsVersion = 8.0;
						ProvisioningStyle = Automatic;
						TestTargetID = 0753F8601D91A54700876312;
					};
				};
			};
			buildConfigurationList = 0753F85C1D91A54700876312 /* Build configuration list for PBXProject "PhotoViewer" */;
			compatibilityVersion = "Xcode 3.2";
			developmentRegion = English;
			hasScannedForEncodings = 0;
			knownRegions = (
				en,
				Base,
			);
			mainGroup = 0753F8581D91A54700876312;
			productRefGroup = 0753F8621D91A54800876312 /* Products */;
			projectDirPath = "";
			projectRoot = "";
			targets = (
				0753F8601D91A54700876312 /* PhotoViewer */,
				079E79FA1D9478D2001E115D /* PhotoViewerTests */,
			);
		};
/* End PBXProject section */

/* Begin PBXResourcesBuildPhase section */
		0753F85F1D91A54700876312 /* Resources */ = {
			isa = PBXResourcesBuildPhase;
			buildActionMask = 2147483647;
			files = (
				0753F86F1D91A54800876312 /* LaunchScreen.storyboard in Resources */,
				07085C651D922B6D00CBCC2F /* PhotoFeedCollectionViewCell.xib in Resources */,
				07B3B0AB1D93055700B797A8 /* FullscreenPhotoFeedCollectionViewCell.xib in Resources */,
				0753F86C1D91A54800876312 /* Assets.xcassets in Resources */,
				0753F86A1D91A54800876312 /* Main.storyboard in Resources */,
			);
			runOnlyForDeploymentPostprocessing = 0;
		};
		079E79F91D9478D2001E115D /* Resources */ = {
			isa = PBXResourcesBuildPhase;
			buildActionMask = 2147483647;
			files = (
			);
			runOnlyForDeploymentPostprocessing = 0;
		};
/* End PBXResourcesBuildPhase section */

/* Begin PBXShellScriptBuildPhase section */
		041BFB4875CFC99D805AC72A /* [CP] Copy Pods Resources */ = {
			isa = PBXShellScriptBuildPhase;
			buildActionMask = 2147483647;
			files = (
			);
			inputPaths = (
			);
			name = "[CP] Copy Pods Resources";
			outputPaths = (
			);
			runOnlyForDeploymentPostprocessing = 0;
			shellPath = /bin/sh;
			shellScript = "\"${SRCROOT}/Pods/Target Support Files/Pods-PhotoViewerTests/Pods-PhotoViewerTests-resources.sh\"\n";
			showEnvVarsInLog = 0;
		};
		3FB29CE2B244724D2D11584C /* [CP] Check Pods Manifest.lock */ = {
			isa = PBXShellScriptBuildPhase;
			buildActionMask = 2147483647;
			files = (
			);
			inputPaths = (
			);
			name = "[CP] Check Pods Manifest.lock";
			outputPaths = (
			);
			runOnlyForDeploymentPostprocessing = 0;
			shellPath = /bin/sh;
			shellScript = "diff \"${PODS_ROOT}/../Podfile.lock\" \"${PODS_ROOT}/Manifest.lock\" > /dev/null\nif [ $? != 0 ] ; then\n    # print error to STDERR\n    echo \"error: The sandbox is not in sync with the Podfile.lock. Run 'pod install' or update your CocoaPods installation.\" >&2\n    exit 1\nfi\n";
			showEnvVarsInLog = 0;
		};
		447D596F29093FDEFA1BBFE1 /* [CP] Embed Pods Frameworks */ = {
			isa = PBXShellScriptBuildPhase;
			buildActionMask = 2147483647;
			files = (
			);
			inputPaths = (
			);
			name = "[CP] Embed Pods Frameworks";
			outputPaths = (
			);
			runOnlyForDeploymentPostprocessing = 0;
			shellPath = /bin/sh;
			shellScript = "\"${SRCROOT}/Pods/Target Support Files/Pods-PhotoViewerTests/Pods-PhotoViewerTests-frameworks.sh\"\n";
			showEnvVarsInLog = 0;
		};
		655A98CB121E3BAB8204B8F0 /* [CP] Copy Pods Resources */ = {
			isa = PBXShellScriptBuildPhase;
			buildActionMask = 2147483647;
			files = (
			);
			inputPaths = (
			);
			name = "[CP] Copy Pods Resources";
			outputPaths = (
			);
			runOnlyForDeploymentPostprocessing = 0;
			shellPath = /bin/sh;
			shellScript = "\"${SRCROOT}/Pods/Target Support Files/Pods-PhotoViewer/Pods-PhotoViewer-resources.sh\"\n";
			showEnvVarsInLog = 0;
		};
		BA62811DA803A0AA64ECCDE2 /* [CP] Embed Pods Frameworks */ = {
			isa = PBXShellScriptBuildPhase;
			buildActionMask = 2147483647;
			files = (
			);
			inputPaths = (
			);
			name = "[CP] Embed Pods Frameworks";
			outputPaths = (
			);
			runOnlyForDeploymentPostprocessing = 0;
			shellPath = /bin/sh;
			shellScript = "\"${SRCROOT}/Pods/Target Support Files/Pods-PhotoViewer/Pods-PhotoViewer-frameworks.sh\"\n";
			showEnvVarsInLog = 0;
		};
		C75961CDC0D175B6064ED5BB /* [CP] Check Pods Manifest.lock */ = {
			isa = PBXShellScriptBuildPhase;
			buildActionMask = 2147483647;
			files = (
			);
			inputPaths = (
			);
			name = "[CP] Check Pods Manifest.lock";
			outputPaths = (
			);
			runOnlyForDeploymentPostprocessing = 0;
			shellPath = /bin/sh;
			shellScript = "diff \"${PODS_ROOT}/../Podfile.lock\" \"${PODS_ROOT}/Manifest.lock\" > /dev/null\nif [ $? != 0 ] ; then\n    # print error to STDERR\n    echo \"error: The sandbox is not in sync with the Podfile.lock. Run 'pod install' or update your CocoaPods installation.\" >&2\n    exit 1\nfi\n";
			showEnvVarsInLog = 0;
		};
/* End PBXShellScriptBuildPhase section */

/* Begin PBXSourcesBuildPhase section */
		0753F85D1D91A54700876312 /* Sources */ = {
			isa = PBXSourcesBuildPhase;
			buildActionMask = 2147483647;
			files = (
				07DC4B1A1D94102A002C9B29 /* PhotoAsset.swift in Sources */,
				07B3B0AA1D93055700B797A8 /* FullscreenPhotoFeedCollectionViewCell.swift in Sources */,
				0753F8671D91A54800876312 /* PhotoFeedViewController.swift in Sources */,
				07B3B0B41D93525B00B797A8 /* TransitioningDelegate.swift in Sources */,
				07B3B0B11D932E9A00B797A8 /* PhotoFeedViewEventHandler.swift in Sources */,
				0753F8871D91B00500876312 /* PhotoFeedViewInterface.swift in Sources */,
				0785BEC51D92DBC100BD6009 /* FullscreenPhotoFeedViewController.swift in Sources */,
				0785BEBF1D92DB8D00BD6009 /* FullscreenPhotoFeedViewInterface.swift in Sources */,
				07B3B0B61D9352AA00B797A8 /* PresentationAnimator.swift in Sources */,
				0753F8831D91AF6100876312 /* PhotoFeedPresenter.swift in Sources */,
				07085C641D922B6C00CBCC2F /* PhotoFeedCollectionViewCell.swift in Sources */,
				07B3B0AF1D93216500B797A8 /* AppDependencies.swift in Sources */,
				07085C611D91F32200CBCC2F /* Photo.swift in Sources */,
				0785BEC11D92DB9900BD6009 /* FullscreenPhotoFeedViewEventHandler.swift in Sources */,
				0785BEC91D92F3FC00BD6009 /* PhotoFeedRouter.swift in Sources */,
				07B3B0B81D9352D400B797A8 /* DismissalAnimator.swift in Sources */,
				0785BEBD1D92DB7000BD6009 /* FullscreenPhotoFeedPresenter.swift in Sources */,
				0753F8811D91AB6E00876312 /* RootRouter.swift in Sources */,
				0753F8651D91A54800876312 /* AppDelegate.swift in Sources */,
				07085C5F1D91F31400CBCC2F /* Api.swift in Sources */,
				0753F8851D91AF9200876312 /* PhotoFeedInteractor.swift in Sources */,
			);
			runOnlyForDeploymentPostprocessing = 0;
		};
		079E79F71D9478D2001E115D /* Sources */ = {
			isa = PBXSourcesBuildPhase;
			buildActionMask = 2147483647;
			files = (
				079E7A0A1D9479D2001E115D /* PhotoAsset.swift in Sources */,
				079E7A171D9480AF001E115D /* PhotoFeedViewController.swift in Sources */,
				079E7A181D9480AF001E115D /* FullscreenPhotoFeedCollectionViewCell.swift in Sources */,
				079E7A0D1D9479D2001E115D /* PhotoFeedViewInterface.swift in Sources */,
				079E7A091D9479D2001E115D /* Photo.swift in Sources */,
				079E7A121D94809F001E115D /* AppDependencies.swift in Sources */,
				079E7A0E1D9479D2001E115D /* PhotoFeedViewEventHandler.swift in Sources */,
				079E7A111D94809F001E115D /* AppDelegate.swift in Sources */,
				079E7A071D9479D2001E115D /* RootRouter.swift in Sources */,
				079E7A1B1D94ABAD001E115D /* PhotoTests.swift in Sources */,
				079E79FE1D9478D2001E115D /* PhotoFeedPresenterTests.swift in Sources */,
				079E7A0F1D9479D2001E115D /* FullscreenPhotoFeedViewInterface.swift in Sources */,
				079E7A101D9479D2001E115D /* FullscreenPhotoFeedViewEventHandler.swift in Sources */,
				079E7A1D1D94AC45001E115D /* PhotoAssetTests.swift in Sources */,
				079E7A151D9480AF001E115D /* DismissalAnimator.swift in Sources */,
				079E7A161D9480AF001E115D /* PhotoFeedCollectionViewCell.swift in Sources */,
				079E7A131D9480AF001E115D /* TransitioningDelegate.swift in Sources */,
				079E7A061D9479BF001E115D /* PhotoFeedRouter.swift in Sources */,
				079E7A141D9480AF001E115D /* PresentationAnimator.swift in Sources */,
				079E7A0B1D9479D2001E115D /* PhotoFeedInteractor.swift in Sources */,
				079E7A191D9480AF001E115D /* FullscreenPhotoFeedViewController.swift in Sources */,
				079E7A0C1D9479D2001E115D /* FullscreenPhotoFeedPresenter.swift in Sources */,
				079E7A1F1D94B4BC001E115D /* PhotoFeedInteractorTests.swift in Sources */,
				079E7A081D9479D2001E115D /* Api.swift in Sources */,
				079E7A051D947992001E115D /* PhotoFeedPresenter.swift in Sources */,
			);
			runOnlyForDeploymentPostprocessing = 0;
		};
/* End PBXSourcesBuildPhase section */

/* Begin PBXTargetDependency section */
		079E7A011D9478D2001E115D /* PBXTargetDependency */ = {
			isa = PBXTargetDependency;
			target = 0753F8601D91A54700876312 /* PhotoViewer */;
			targetProxy = 079E7A001D9478D2001E115D /* PBXContainerItemProxy */;
		};
/* End PBXTargetDependency section */

/* Begin PBXVariantGroup section */
		0753F8681D91A54800876312 /* Main.storyboard */ = {
			isa = PBXVariantGroup;
			children = (
				0753F8691D91A54800876312 /* Base */,
			);
			name = Main.storyboard;
			sourceTree = "<group>";
		};
		0753F86D1D91A54800876312 /* LaunchScreen.storyboard */ = {
			isa = PBXVariantGroup;
			children = (
				0753F86E1D91A54800876312 /* Base */,
			);
			name = LaunchScreen.storyboard;
			sourceTree = "<group>";
		};
/* End PBXVariantGroup section */

/* Begin XCBuildConfiguration section */
		0753F8711D91A54800876312 /* Debug */ = {
			isa = XCBuildConfiguration;
			buildSettings = {
				ALWAYS_SEARCH_USER_PATHS = NO;
				CLANG_ANALYZER_NONNULL = YES;
				CLANG_CXX_LANGUAGE_STANDARD = "gnu++0x";
				CLANG_CXX_LIBRARY = "libc++";
				CLANG_ENABLE_MODULES = YES;
				CLANG_ENABLE_OBJC_ARC = YES;
				CLANG_WARN_BOOL_CONVERSION = YES;
				CLANG_WARN_CONSTANT_CONVERSION = YES;
				CLANG_WARN_DIRECT_OBJC_ISA_USAGE = YES_ERROR;
				CLANG_WARN_DOCUMENTATION_COMMENTS = YES;
				CLANG_WARN_EMPTY_BODY = YES;
				CLANG_WARN_ENUM_CONVERSION = YES;
				CLANG_WARN_INFINITE_RECURSION = YES;
				CLANG_WARN_INT_CONVERSION = YES;
				CLANG_WARN_OBJC_ROOT_CLASS = YES_ERROR;
				CLANG_WARN_SUSPICIOUS_MOVES = YES;
				CLANG_WARN_UNREACHABLE_CODE = YES;
				CLANG_WARN__DUPLICATE_METHOD_MATCH = YES;
				"CODE_SIGN_IDENTITY[sdk=iphoneos*]" = "iPhone Developer";
				COPY_PHASE_STRIP = NO;
				DEBUG_INFORMATION_FORMAT = dwarf;
				ENABLE_STRICT_OBJC_MSGSEND = YES;
				ENABLE_TESTABILITY = YES;
				GCC_C_LANGUAGE_STANDARD = gnu99;
				GCC_DYNAMIC_NO_PIC = NO;
				GCC_NO_COMMON_BLOCKS = YES;
				GCC_OPTIMIZATION_LEVEL = 0;
				GCC_PREPROCESSOR_DEFINITIONS = (
					"DEBUG=1",
					"$(inherited)",
				);
				GCC_WARN_64_TO_32_BIT_CONVERSION = YES;
				GCC_WARN_ABOUT_RETURN_TYPE = YES_ERROR;
				GCC_WARN_UNDECLARED_SELECTOR = YES;
				GCC_WARN_UNINITIALIZED_AUTOS = YES_AGGRESSIVE;
				GCC_WARN_UNUSED_FUNCTION = YES;
				GCC_WARN_UNUSED_VARIABLE = YES;
				IPHONEOS_DEPLOYMENT_TARGET = 10.0;
				MTL_ENABLE_DEBUG_INFO = YES;
				ONLY_ACTIVE_ARCH = YES;
				SDKROOT = iphoneos;
				SWIFT_ACTIVE_COMPILATION_CONDITIONS = DEBUG;
				SWIFT_OPTIMIZATION_LEVEL = "-Onone";
				TARGETED_DEVICE_FAMILY = "1,2";
			};
			name = Debug;
		};
		0753F8721D91A54800876312 /* Release */ = {
			isa = XCBuildConfiguration;
			buildSettings = {
				ALWAYS_SEARCH_USER_PATHS = NO;
				CLANG_ANALYZER_NONNULL = YES;
				CLANG_CXX_LANGUAGE_STANDARD = "gnu++0x";
				CLANG_CXX_LIBRARY = "libc++";
				CLANG_ENABLE_MODULES = YES;
				CLANG_ENABLE_OBJC_ARC = YES;
				CLANG_WARN_BOOL_CONVERSION = YES;
				CLANG_WARN_CONSTANT_CONVERSION = YES;
				CLANG_WARN_DIRECT_OBJC_ISA_USAGE = YES_ERROR;
				CLANG_WARN_DOCUMENTATION_COMMENTS = YES;
				CLANG_WARN_EMPTY_BODY = YES;
				CLANG_WARN_ENUM_CONVERSION = YES;
				CLANG_WARN_INFINITE_RECURSION = YES;
				CLANG_WARN_INT_CONVERSION = YES;
				CLANG_WARN_OBJC_ROOT_CLASS = YES_ERROR;
				CLANG_WARN_SUSPICIOUS_MOVES = YES;
				CLANG_WARN_UNREACHABLE_CODE = YES;
				CLANG_WARN__DUPLICATE_METHOD_MATCH = YES;
				"CODE_SIGN_IDENTITY[sdk=iphoneos*]" = "iPhone Developer";
				COPY_PHASE_STRIP = NO;
				DEBUG_INFORMATION_FORMAT = "dwarf-with-dsym";
				ENABLE_NS_ASSERTIONS = NO;
				ENABLE_STRICT_OBJC_MSGSEND = YES;
				GCC_C_LANGUAGE_STANDARD = gnu99;
				GCC_NO_COMMON_BLOCKS = YES;
				GCC_WARN_64_TO_32_BIT_CONVERSION = YES;
				GCC_WARN_ABOUT_RETURN_TYPE = YES_ERROR;
				GCC_WARN_UNDECLARED_SELECTOR = YES;
				GCC_WARN_UNINITIALIZED_AUTOS = YES_AGGRESSIVE;
				GCC_WARN_UNUSED_FUNCTION = YES;
				GCC_WARN_UNUSED_VARIABLE = YES;
				IPHONEOS_DEPLOYMENT_TARGET = 10.0;
				MTL_ENABLE_DEBUG_INFO = NO;
				SDKROOT = iphoneos;
				SWIFT_OPTIMIZATION_LEVEL = "-Owholemodule";
				TARGETED_DEVICE_FAMILY = "1,2";
				VALIDATE_PRODUCT = YES;
			};
			name = Release;
		};
		0753F8741D91A54800876312 /* Debug */ = {
			isa = XCBuildConfiguration;
			baseConfigurationReference = AE05ED244B797A2D3D19E937 /* Pods-PhotoViewer.debug.xcconfig */;
			buildSettings = {
				ASSETCATALOG_COMPILER_APPICON_NAME = AppIcon;
				DEVELOPMENT_TEAM = "";
				INFOPLIST_FILE = PhotoViewer/Info.plist;
				LD_RUNPATH_SEARCH_PATHS = "$(inherited) @executable_path/Frameworks";
				PRODUCT_BUNDLE_IDENTIFIER = com.gjsalot.ios.PhotoViewer;
				PRODUCT_NAME = "$(TARGET_NAME)";
				SWIFT_VERSION = 3.0;
			};
			name = Debug;
		};
		0753F8751D91A54800876312 /* Release */ = {
			isa = XCBuildConfiguration;
			baseConfigurationReference = ADE16900B7F5E6492E4AEF7C /* Pods-PhotoViewer.release.xcconfig */;
			buildSettings = {
				ASSETCATALOG_COMPILER_APPICON_NAME = AppIcon;
				DEVELOPMENT_TEAM = "";
				INFOPLIST_FILE = PhotoViewer/Info.plist;
				LD_RUNPATH_SEARCH_PATHS = "$(inherited) @executable_path/Frameworks";
				PRODUCT_BUNDLE_IDENTIFIER = com.gjsalot.ios.PhotoViewer;
				PRODUCT_NAME = "$(TARGET_NAME)";
				SWIFT_VERSION = 3.0;
			};
			name = Release;
		};
		079E7A021D9478D2001E115D /* Debug */ = {
			isa = XCBuildConfiguration;
			baseConfigurationReference = 4BA8FC36F4DC2AFC81BA3082 /* Pods-PhotoViewerTests.debug.xcconfig */;
			buildSettings = {
				BUNDLE_LOADER = "$(TEST_HOST)";
				INFOPLIST_FILE = PhotoViewerTests/Info.plist;
				LD_RUNPATH_SEARCH_PATHS = "$(inherited) @executable_path/Frameworks @loader_path/Frameworks";
				PRODUCT_BUNDLE_IDENTIFIER = com.gjsalot.ios.PhotoViewerTests;
				PRODUCT_NAME = "$(TARGET_NAME)";
				SWIFT_VERSION = 3.0;
				TEST_HOST = "$(BUILT_PRODUCTS_DIR)/PhotoViewer.app/PhotoViewer";
			};
			name = Debug;
		};
		079E7A031D9478D2001E115D /* Release */ = {
			isa = XCBuildConfiguration;
			baseConfigurationReference = 544D3FC2546DB279ACC9A57C /* Pods-PhotoViewerTests.release.xcconfig */;
			buildSettings = {
				BUNDLE_LOADER = "$(TEST_HOST)";
				INFOPLIST_FILE = PhotoViewerTests/Info.plist;
				LD_RUNPATH_SEARCH_PATHS = "$(inherited) @executable_path/Frameworks @loader_path/Frameworks";
				PRODUCT_BUNDLE_IDENTIFIER = com.gjsalot.ios.PhotoViewerTests;
				PRODUCT_NAME = "$(TARGET_NAME)";
				SWIFT_VERSION = 3.0;
				TEST_HOST = "$(BUILT_PRODUCTS_DIR)/PhotoViewer.app/PhotoViewer";
			};
			name = Release;
		};
/* End XCBuildConfiguration section */

/* Begin XCConfigurationList section */
		0753F85C1D91A54700876312 /* Build configuration list for PBXProject "PhotoViewer" */ = {
			isa = XCConfigurationList;
			buildConfigurations = (
				0753F8711D91A54800876312 /* Debug */,
				0753F8721D91A54800876312 /* Release */,
			);
			defaultConfigurationIsVisible = 0;
			defaultConfigurationName = Release;
		};
		0753F8731D91A54800876312 /* Build configuration list for PBXNativeTarget "PhotoViewer" */ = {
			isa = XCConfigurationList;
			buildConfigurations = (
				0753F8741D91A54800876312 /* Debug */,
				0753F8751D91A54800876312 /* Release */,
			);
			defaultConfigurationIsVisible = 0;
			defaultConfigurationName = Release;
		};
		079E7A041D9478D2001E115D /* Build configuration list for PBXNativeTarget "PhotoViewerTests" */ = {
			isa = XCConfigurationList;
			buildConfigurations = (
				079E7A021D9478D2001E115D /* Debug */,
				079E7A031D9478D2001E115D /* Release */,
			);
			defaultConfigurationIsVisible = 0;
			defaultConfigurationName = Release;
		};
/* End XCConfigurationList section */
	};
	rootObject = 0753F8591D91A54700876312 /* Project object */;
}
